
Microsoft Visual Studio Solution File, Format Version 12.00
# Visual Studio 15
VisualStudioVersion = 15.0.28307.852
MinimumVisualStudioVersion = 10.0.40219.1
Project("{00D1A9C2-B5F0-4AF3-8072-F6C62B433612}") = "Mensajeria", "Mensajeria\Mensajeria.sqlproj", "{576E929F-8567-4ECB-98DA-06FF810FC1F2}"
EndProject
Global
	GlobalSection(SolutionConfigurationPlatforms) = preSolution
		Debug|Any CPU = Debug|Any CPU
		Release|Any CPU = Release|Any CPU
	EndGlobalSection
	GlobalSection(ProjectConfigurationPlatforms) = postSolution
		{576E929F-8567-4ECB-98DA-06FF810FC1F2}.Debug|Any CPU.ActiveCfg = Debug|Any CPU
		{576E929F-8567-4ECB-98DA-06FF810FC1F2}.Debug|Any CPU.Build.0 = Debug|Any CPU
		{576E929F-8567-4ECB-98DA-06FF810FC1F2}.Debug|Any CPU.Deploy.0 = Debug|Any CPU
		{576E929F-8567-4ECB-98DA-06FF810FC1F2}.Release|Any CPU.ActiveCfg = Release|Any CPU
		{576E929F-8567-4ECB-98DA-06FF810FC1F2}.Release|Any CPU.Build.0 = Release|Any CPU
		{576E929F-8567-4ECB-98DA-06FF810FC1F2}.Release|Any CPU.Deploy.0 = Release|Any CPU
	EndGlobalSection
	GlobalSection(SolutionProperties) = preSolution
		HideSolutionNode = FALSE
	EndGlobalSection
	GlobalSection(ExtensibilityGlobals) = postSolution
		SolutionGuid = {4564CFE7-D248-4C6F-A90C-8651D3E9D8C7}
	EndGlobalSection
EndGlobal
